
Microsoft Visual Studio Solution File, Format Version 12.00
# Visual Studio Version 17
VisualStudioVersion = 17.5.33627.172
MinimumVisualStudioVersion = 10.0.40219.1
Project("{9A19103F-16F7-4668-BE54-9A1E7A4F7556}") = "Vacancy.WebApi", "Vacancy.WebApi\Vacancy.WebApi.csproj", "{33268B42-480A-4402-A63F-02884C83412E}"
EndProject
Project("{9A19103F-16F7-4668-BE54-9A1E7A4F7556}") = "Vacancy.BL", "Vacancy.BL\Vacancy.BL.csproj", "{399C6168-E7EE-4446-ABB6-492826E49187}"
EndProject
Project("{9A19103F-16F7-4668-BE54-9A1E7A4F7556}") = "Vacancy.DataAccess", "Vacancy.DataAccess\Vacancy.DataAccess.csproj", "{482C3356-589B-436D-BA91-6706A74AE71D}"
EndProject
Project("{9A19103F-16F7-4668-BE54-9A1E7A4F7556}") = "Vacancy.UnitTests", "Vacancy.UnitTests\Vacancy.UnitTests.csproj", "{55D0A4D2-744F-44F0-B7EE-C8DCA5B23A17}"
EndProject
Project("{FAE04EC0-301F-11D3-BF4B-00C04F79EFBC}") = "Vacancy.Repository", "Vacancy.Repository\Vacancy.Repository.csproj", "{09BE837A-A293-4E8B-B486-4E4B1515A6AF}"
EndProject
Global
	GlobalSection(SolutionConfigurationPlatforms) = preSolution
		Debug|Any CPU = Debug|Any CPU
		Release|Any CPU = Release|Any CPU
	EndGlobalSection
	GlobalSection(ProjectConfigurationPlatforms) = postSolution
		{33268B42-480A-4402-A63F-02884C83412E}.Debug|Any CPU.ActiveCfg = Debug|Any CPU
		{33268B42-480A-4402-A63F-02884C83412E}.Debug|Any CPU.Build.0 = Debug|Any CPU
		{33268B42-480A-4402-A63F-02884C83412E}.Release|Any CPU.ActiveCfg = Release|Any CPU
		{33268B42-480A-4402-A63F-02884C83412E}.Release|Any CPU.Build.0 = Release|Any CPU
		{399C6168-E7EE-4446-ABB6-492826E49187}.Debug|Any CPU.ActiveCfg = Debug|Any CPU
		{399C6168-E7EE-4446-ABB6-492826E49187}.Debug|Any CPU.Build.0 = Debug|Any CPU
		{399C6168-E7EE-4446-ABB6-492826E49187}.Release|Any CPU.ActiveCfg = Release|Any CPU
		{399C6168-E7EE-4446-ABB6-492826E49187}.Release|Any CPU.Build.0 = Release|Any CPU
		{482C3356-589B-436D-BA91-6706A74AE71D}.Debug|Any CPU.ActiveCfg = Debug|Any CPU
		{482C3356-589B-436D-BA91-6706A74AE71D}.Debug|Any CPU.Build.0 = Debug|Any CPU
		{482C3356-589B-436D-BA91-6706A74AE71D}.Release|Any CPU.ActiveCfg = Release|Any CPU
		{482C3356-589B-436D-BA91-6706A74AE71D}.Release|Any CPU.Build.0 = Release|Any CPU
		{55D0A4D2-744F-44F0-B7EE-C8DCA5B23A17}.Debug|Any CPU.ActiveCfg = Debug|Any CPU
		{55D0A4D2-744F-44F0-B7EE-C8DCA5B23A17}.Debug|Any CPU.Build.0 = Debug|Any CPU
		{55D0A4D2-744F-44F0-B7EE-C8DCA5B23A17}.Release|Any CPU.ActiveCfg = Release|Any CPU
		{55D0A4D2-744F-44F0-B7EE-C8DCA5B23A17}.Release|Any CPU.Build.0 = Release|Any CPU
		{09BE837A-A293-4E8B-B486-4E4B1515A6AF}.Debug|Any CPU.ActiveCfg = Debug|Any CPU
		{09BE837A-A293-4E8B-B486-4E4B1515A6AF}.Debug|Any CPU.Build.0 = Debug|Any CPU
		{09BE837A-A293-4E8B-B486-4E4B1515A6AF}.Release|Any CPU.ActiveCfg = Release|Any CPU
		{09BE837A-A293-4E8B-B486-4E4B1515A6AF}.Release|Any CPU.Build.0 = Release|Any CPU
	EndGlobalSection
	GlobalSection(SolutionProperties) = preSolution
		HideSolutionNode = FALSE
	EndGlobalSection
	GlobalSection(ExtensibilityGlobals) = postSolution
		SolutionGuid = {4AAA3442-8C37-41A0-81BA-4574892E2309}
	EndGlobalSection
EndGlobal
