
Microsoft Visual Studio Solution File, Format Version 12.00
# Visual Studio Version 17
VisualStudioVersion = 17.5.33627.172
MinimumVisualStudioVersion = 10.0.40219.1
Project("{FAE04EC0-301F-11D3-BF4B-00C04F79EFBC}") = "Vacancy.WebApi", "Vacancy.WebApi\Vacancy.WebApi.csproj", "{33268B42-480A-4402-A63F-02884C83412E}"
EndProject
Global
	GlobalSection(SolutionConfigurationPlatforms) = preSolution
		Debug|Any CPU = Debug|Any CPU
		Release|Any CPU = Release|Any CPU
	EndGlobalSection
	GlobalSection(ProjectConfigurationPlatforms) = postSolution
		{33268B42-480A-4402-A63F-02884C83412E}.Debug|Any CPU.ActiveCfg = Debug|Any CPU
		{33268B42-480A-4402-A63F-02884C83412E}.Debug|Any CPU.Build.0 = Debug|Any CPU
		{33268B42-480A-4402-A63F-02884C83412E}.Release|Any CPU.ActiveCfg = Release|Any CPU
		{33268B42-480A-4402-A63F-02884C83412E}.Release|Any CPU.Build.0 = Release|Any CPU
	EndGlobalSection
	GlobalSection(SolutionProperties) = preSolution
		HideSolutionNode = FALSE
	EndGlobalSection
	GlobalSection(ExtensibilityGlobals) = postSolution
		SolutionGuid = {4AAA3442-8C37-41A0-81BA-4574892E2309}
	EndGlobalSection
EndGlobal
